// !$*UTF8*$!
{
	archiveVersion = 1;
	classes = {
	};
	objectVersion = 48;
	objects = {

/* Begin PBXBuildFile section */
		A2D51FF41F87DE590058BA6A /* AppDelegate.swift in Sources */ = {isa = PBXBuildFile; fileRef = A2D51FF31F87DE590058BA6A /* AppDelegate.swift */; };
		A2D51FF61F87DE590058BA6A /* ViewController.swift in Sources */ = {isa = PBXBuildFile; fileRef = A2D51FF51F87DE590058BA6A /* ViewController.swift */; };
		A2D51FF91F87DE590058BA6A /* Main.storyboard in Resources */ = {isa = PBXBuildFile; fileRef = A2D51FF71F87DE590058BA6A /* Main.storyboard */; };
		A2D51FFC1F87DE590058BA6A /* Alertify.xcdatamodeld in Sources */ = {isa = PBXBuildFile; fileRef = A2D51FFA1F87DE590058BA6A /* Alertify.xcdatamodeld */; };
		A2D51FFE1F87DE590058BA6A /* Assets.xcassets in Resources */ = {isa = PBXBuildFile; fileRef = A2D51FFD1F87DE590058BA6A /* Assets.xcassets */; };
		A2D520011F87DE590058BA6A /* LaunchScreen.storyboard in Resources */ = {isa = PBXBuildFile; fileRef = A2D51FFF1F87DE590058BA6A /* LaunchScreen.storyboard */; };
		A2D5200A1F87F4B40058BA6A /* ShadowButton.swift in Sources */ = {isa = PBXBuildFile; fileRef = A2D520091F87F4B40058BA6A /* ShadowButton.swift */; };
/* End PBXBuildFile section */

/* Begin PBXFileReference section */
		A2D51FF01F87DE590058BA6A /* Alertify.app */ = {isa = PBXFileReference; explicitFileType = wrapper.application; includeInIndex = 0; path = Alertify.app; sourceTree = BUILT_PRODUCTS_DIR; };
		A2D51FF31F87DE590058BA6A /* AppDelegate.swift */ = {isa = PBXFileReference; lastKnownFileType = sourcecode.swift; path = AppDelegate.swift; sourceTree = "<group>"; };
		A2D51FF51F87DE590058BA6A /* ViewController.swift */ = {isa = PBXFileReference; lastKnownFileType = sourcecode.swift; path = ViewController.swift; sourceTree = "<group>"; };
		A2D51FF81F87DE590058BA6A /* Base */ = {isa = PBXFileReference; lastKnownFileType = file.storyboard; name = Base; path = Base.lproj/Main.storyboard; sourceTree = "<group>"; };
		A2D51FFB1F87DE590058BA6A /* Alertify.xcdatamodel */ = {isa = PBXFileReference; lastKnownFileType = wrapper.xcdatamodel; path = Alertify.xcdatamodel; sourceTree = "<group>"; };
		A2D51FFD1F87DE590058BA6A /* Assets.xcassets */ = {isa = PBXFileReference; lastKnownFileType = folder.assetcatalog; path = Assets.xcassets; sourceTree = "<group>"; };
		A2D520001F87DE590058BA6A /* Base */ = {isa = PBXFileReference; lastKnownFileType = file.storyboard; name = Base; path = Base.lproj/LaunchScreen.storyboard; sourceTree = "<group>"; };
		A2D520021F87DE590058BA6A /* Info.plist */ = {isa = PBXFileReference; lastKnownFileType = text.plist.xml; path = Info.plist; sourceTree = "<group>"; };
		A2D520091F87F4B40058BA6A /* ShadowButton.swift */ = {isa = PBXFileReference; lastKnownFileType = sourcecode.swift; path = ShadowButton.swift; sourceTree = "<group>"; };
/* End PBXFileReference section */

/* Begin PBXFrameworksBuildPhase section */
		A2D51FED1F87DE590058BA6A /* Frameworks */ = {
			isa = PBXFrameworksBuildPhase;
			buildActionMask = 2147483647;
			files = (
			);
			runOnlyForDeploymentPostprocessing = 0;
		};
/* End PBXFrameworksBuildPhase section */

/* Begin PBXGroup section */
		A2D51FE71F87DE590058BA6A = {
			isa = PBXGroup;
			children = (
				A2D51FF21F87DE590058BA6A /* Alertify */,
				A2D51FF11F87DE590058BA6A /* Products */,
			);
			sourceTree = "<group>";
		};
		A2D51FF11F87DE590058BA6A /* Products */ = {
			isa = PBXGroup;
			children = (
				A2D51FF01F87DE590058BA6A /* Alertify.app */,
			);
			name = Products;
			sourceTree = "<group>";
		};
		A2D51FF21F87DE590058BA6A /* Alertify */ = {
			isa = PBXGroup;
			children = (
				A2D520081F87F49C0058BA6A /* Views */,
				A2D51FF31F87DE590058BA6A /* AppDelegate.swift */,
				A2D51FF51F87DE590058BA6A /* ViewController.swift */,
				A2D51FF71F87DE590058BA6A /* Main.storyboard */,
				A2D51FFD1F87DE590058BA6A /* Assets.xcassets */,
				A2D51FFF1F87DE590058BA6A /* LaunchScreen.storyboard */,
				A2D520021F87DE590058BA6A /* Info.plist */,
				A2D51FFA1F87DE590058BA6A /* Alertify.xcdatamodeld */,
			);
			path = Alertify;
			sourceTree = "<group>";
		};
		A2D520081F87F49C0058BA6A /* Views */ = {
			isa = PBXGroup;
			children = (
				A2D520091F87F4B40058BA6A /* ShadowButton.swift */,
			);
			path = Views;
			sourceTree = "<group>";
		};
/* End PBXGroup section */

/* Begin PBXNativeTarget section */
		A2D51FEF1F87DE590058BA6A /* Alertify */ = {
			isa = PBXNativeTarget;
			buildConfigurationList = A2D520051F87DE590058BA6A /* Build configuration list for PBXNativeTarget "Alertify" */;
			buildPhases = (
				A2D51FEC1F87DE590058BA6A /* Sources */,
				A2D51FED1F87DE590058BA6A /* Frameworks */,
				A2D51FEE1F87DE590058BA6A /* Resources */,
			);
			buildRules = (
			);
			dependencies = (
			);
			name = Alertify;
			productName = Alertify;
			productReference = A2D51FF01F87DE590058BA6A /* Alertify.app */;
			productType = "com.apple.product-type.application";
		};
/* End PBXNativeTarget section */

/* Begin PBXProject section */
		A2D51FE81F87DE590058BA6A /* Project object */ = {
			isa = PBXProject;
			attributes = {
				LastSwiftUpdateCheck = 0900;
				LastUpgradeCheck = 0900;
				ORGANIZATIONNAME = "Aditya Verma";
				TargetAttributes = {
					A2D51FEF1F87DE590058BA6A = {
						CreatedOnToolsVersion = 9.0;
						ProvisioningStyle = Automatic;
					};
				};
			};
			buildConfigurationList = A2D51FEB1F87DE590058BA6A /* Build configuration list for PBXProject "Alertify" */;
			compatibilityVersion = "Xcode 8.0";
			developmentRegion = en;
			hasScannedForEncodings = 0;
			knownRegions = (
				en,
				Base,
			);
			mainGroup = A2D51FE71F87DE590058BA6A;
			productRefGroup = A2D51FF11F87DE590058BA6A /* Products */;
			projectDirPath = "";
			projectRoot = "";
			targets = (
				A2D51FEF1F87DE590058BA6A /* Alertify */,
			);
		};
/* End PBXProject section */

/* Begin PBXResourcesBuildPhase section */
		A2D51FEE1F87DE590058BA6A /* Resources */ = {
			isa = PBXResourcesBuildPhase;
			buildActionMask = 2147483647;
			files = (
				A2D520011F87DE590058BA6A /* LaunchScreen.storyboard in Resources */,
				A2D51FFE1F87DE590058BA6A /* Assets.xcassets in Resources */,
				A2D51FF91F87DE590058BA6A /* Main.storyboard in Resources */,
			);
			runOnlyForDeploymentPostprocessing = 0;
		};
/* End PBXResourcesBuildPhase section */

/* Begin PBXSourcesBuildPhase section */
		A2D51FEC1F87DE590058BA6A /* Sources */ = {
			isa = PBXSourcesBuildPhase;
			buildActionMask = 2147483647;
			files = (
				A2D51FFC1F87DE590058BA6A /* Alertify.xcdatamodeld in Sources */,
				A2D51FF61F87DE590058BA6A /* ViewController.swift in Sources */,
				A2D51FF41F87DE590058BA6A /* AppDelegate.swift in Sources */,
				A2D5200A1F87F4B40058BA6A /* ShadowButton.swift in Sources */,
			);
			runOnlyForDeploymentPostprocessing = 0;
		};
/* End PBXSourcesBuildPhase section */

/* Begin PBXVariantGroup section */
		A2D51FF71F87DE590058BA6A /* Main.storyboard */ = {
			isa = PBXVariantGroup;
			children = (
				A2D51FF81F87DE590058BA6A /* Base */,
			);
			name = Main.storyboard;
			sourceTree = "<group>";
		};
		A2D51FFF1F87DE590058BA6A /* LaunchScreen.storyboard */ = {
			isa = PBXVariantGroup;
			children = (
				A2D520001F87DE590058BA6A /* Base */,
			);
			name = LaunchScreen.storyboard;
			sourceTree = "<group>";
		};
/* End PBXVariantGroup section */

/* Begin XCBuildConfiguration section */
		A2D520031F87DE590058BA6A /* Debug */ = {
			isa = XCBuildConfiguration;
			buildSettings = {
				ALWAYS_SEARCH_USER_PATHS = NO;
				CLANG_ANALYZER_NONNULL = YES;
				CLANG_ANALYZER_NUMBER_OBJECT_CONVERSION = YES_AGGRESSIVE;
				CLANG_CXX_LANGUAGE_STANDARD = "gnu++14";
				CLANG_CXX_LIBRARY = "libc++";
				CLANG_ENABLE_MODULES = YES;
				CLANG_ENABLE_OBJC_ARC = YES;
				CLANG_WARN_BLOCK_CAPTURE_AUTORELEASING = YES;
				CLANG_WARN_BOOL_CONVERSION = YES;
				CLANG_WARN_COMMA = YES;
				CLANG_WARN_CONSTANT_CONVERSION = YES;
				CLANG_WARN_DIRECT_OBJC_ISA_USAGE = YES_ERROR;
				CLANG_WARN_DOCUMENTATION_COMMENTS = YES;
				CLANG_WARN_EMPTY_BODY = YES;
				CLANG_WARN_ENUM_CONVERSION = YES;
				CLANG_WARN_INFINITE_RECURSION = YES;
				CLANG_WARN_INT_CONVERSION = YES;
				CLANG_WARN_NON_LITERAL_NULL_CONVERSION = YES;
				CLANG_WARN_OBJC_LITERAL_CONVERSION = YES;
				CLANG_WARN_OBJC_ROOT_CLASS = YES_ERROR;
				CLANG_WARN_RANGE_LOOP_ANALYSIS = YES;
				CLANG_WARN_STRICT_PROTOTYPES = YES;
				CLANG_WARN_SUSPICIOUS_MOVE = YES;
				CLANG_WARN_UNGUARDED_AVAILABILITY = YES_AGGRESSIVE;
				CLANG_WARN_UNREACHABLE_CODE = YES;
				CLANG_WARN__DUPLICATE_METHOD_MATCH = YES;
				CODE_SIGN_IDENTITY = "iPhone Developer";
				COPY_PHASE_STRIP = NO;
				DEBUG_INFORMATION_FORMAT = dwarf;
				ENABLE_STRICT_OBJC_MSGSEND = YES;
				ENABLE_TESTABILITY = YES;
				GCC_C_LANGUAGE_STANDARD = gnu11;
				GCC_DYNAMIC_NO_PIC = NO;
				GCC_NO_COMMON_BLOCKS = YES;
				GCC_OPTIMIZATION_LEVEL = 0;
				GCC_PREPROCESSOR_DEFINITIONS = (
					"DEBUG=1",
					"$(inherited)",
				);
				GCC_WARN_64_TO_32_BIT_CONVERSION = YES;
				GCC_WARN_ABOUT_RETURN_TYPE = YES_ERROR;
				GCC_WARN_UNDECLARED_SELECTOR = YES;
				GCC_WARN_UNINITIALIZED_AUTOS = YES_AGGRESSIVE;
				GCC_WARN_UNUSED_FUNCTION = YES;
				GCC_WARN_UNUSED_VARIABLE = YES;
				IPHONEOS_DEPLOYMENT_TARGET = 11.0;
				MTL_ENABLE_DEBUG_INFO = YES;
				ONLY_ACTIVE_ARCH = YES;
				SDKROOT = iphoneos;
				SWIFT_ACTIVE_COMPILATION_CONDITIONS = DEBUG;
				SWIFT_OPTIMIZATION_LEVEL = "-Onone";
			};
			name = Debug;
		};
		A2D520041F87DE590058BA6A /* Release */ = {
			isa = XCBuildConfiguration;
			buildSettings = {
				ALWAYS_SEARCH_USER_PATHS = NO;
				CLANG_ANALYZER_NONNULL = YES;
				CLANG_ANALYZER_NUMBER_OBJECT_CONVERSION = YES_AGGRESSIVE;
				CLANG_CXX_LANGUAGE_STANDARD = "gnu++14";
				CLANG_CXX_LIBRARY = "libc++";
				CLANG_ENABLE_MODULES = YES;
				CLANG_ENABLE_OBJC_ARC = YES;
				CLANG_WARN_BLOCK_CAPTURE_AUTORELEASING = YES;
				CLANG_WARN_BOOL_CONVERSION = YES;
				CLANG_WARN_COMMA = YES;
				CLANG_WARN_CONSTANT_CONVERSION = YES;
				CLANG_WARN_DIRECT_OBJC_ISA_USAGE = YES_ERROR;
				CLANG_WARN_DOCUMENTATION_COMMENTS = YES;
				CLANG_WARN_EMPTY_BODY = YES;
				CLANG_WARN_ENUM_CONVERSION = YES;
				CLANG_WARN_INFINITE_RECURSION = YES;
				CLANG_WARN_INT_CONVERSION = YES;
				CLANG_WARN_NON_LITERAL_NULL_CONVERSION = YES;
				CLANG_WARN_OBJC_LITERAL_CONVERSION = YES;
				CLANG_WARN_OBJC_ROOT_CLASS = YES_ERROR;
				CLANG_WARN_RANGE_LOOP_ANALYSIS = YES;
				CLANG_WARN_STRICT_PROTOTYPES = YES;
				CLANG_WARN_SUSPICIOUS_MOVE = YES;
				CLANG_WARN_UNGUARDED_AVAILABILITY = YES_AGGRESSIVE;
				CLANG_WARN_UNREACHABLE_CODE = YES;
				CLANG_WARN__DUPLICATE_METHOD_MATCH = YES;
				CODE_SIGN_IDENTITY = "iPhone Developer";
				COPY_PHASE_STRIP = NO;
				DEBUG_INFORMATION_FORMAT = "dwarf-with-dsym";
				ENABLE_NS_ASSERTIONS = NO;
				ENABLE_STRICT_OBJC_MSGSEND = YES;
				GCC_C_LANGUAGE_STANDARD = gnu11;
				GCC_NO_COMMON_BLOCKS = YES;
				GCC_WARN_64_TO_32_BIT_CONVERSION = YES;
				GCC_WARN_ABOUT_RETURN_TYPE = YES_ERROR;
				GCC_WARN_UNDECLARED_SELECTOR = YES;
				GCC_WARN_UNINITIALIZED_AUTOS = YES_AGGRESSIVE;
				GCC_WARN_UNUSED_FUNCTION = YES;
				GCC_WARN_UNUSED_VARIABLE = YES;
				IPHONEOS_DEPLOYMENT_TARGET = 11.0;
				MTL_ENABLE_DEBUG_INFO = NO;
				SDKROOT = iphoneos;
				SWIFT_OPTIMIZATION_LEVEL = "-Owholemodule";
				VALIDATE_PRODUCT = YES;
			};
			name = Release;
		};
		A2D520061F87DE590058BA6A /* Debug */ = {
			isa = XCBuildConfiguration;
			buildSettings = {
				ASSETCATALOG_COMPILER_APPICON_NAME = AppIcon;
				CODE_SIGN_STYLE = Automatic;
				DEVELOPMENT_TEAM = 5HLN7VWUFR;
				INFOPLIST_FILE = Alertify/Info.plist;
				LD_RUNPATH_SEARCH_PATHS = "$(inherited) @executable_path/Frameworks";
				PRODUCT_BUNDLE_IDENTIFIER = com.av.Alertify;
				PRODUCT_NAME = "$(TARGET_NAME)";
				SWIFT_VERSION = 4.0;
				TARGETED_DEVICE_FAMILY = "1,2";
			};
			name = Debug;
		};
		A2D520071F87DE590058BA6A /* Release */ = {
			isa = XCBuildConfiguration;
			buildSettings = {
				ASSETCATALOG_COMPILER_APPICON_NAME = AppIcon;
				CODE_SIGN_STYLE = Automatic;
				DEVELOPMENT_TEAM = 5HLN7VWUFR;
				INFOPLIST_FILE = Alertify/Info.plist;
				LD_RUNPATH_SEARCH_PATHS = "$(inherited) @executable_path/Frameworks";
				PRODUCT_BUNDLE_IDENTIFIER = com.av.Alertify;
				PRODUCT_NAME = "$(TARGET_NAME)";
				SWIFT_VERSION = 4.0;
				TARGETED_DEVICE_FAMILY = "1,2";
			};
			name = Release;
		};
/* End XCBuildConfiguration section */

/* Begin XCConfigurationList section */
		A2D51FEB1F87DE590058BA6A /* Build configuration list for PBXProject "Alertify" */ = {
			isa = XCConfigurationList;
			buildConfigurations = (
				A2D520031F87DE590058BA6A /* Debug */,
				A2D520041F87DE590058BA6A /* Release */,
			);
			defaultConfigurationIsVisible = 0;
			defaultConfigurationName = Release;
		};
		A2D520051F87DE590058BA6A /* Build configuration list for PBXNativeTarget "Alertify" */ = {
			isa = XCConfigurationList;
			buildConfigurations = (
				A2D520061F87DE590058BA6A /* Debug */,
				A2D520071F87DE590058BA6A /* Release */,
			);
			defaultConfigurationIsVisible = 0;
			defaultConfigurationName = Release;
		};
/* End XCConfigurationList section */

/* Begin XCVersionGroup section */
		A2D51FFA1F87DE590058BA6A /* Alertify.xcdatamodeld */ = {
			isa = XCVersionGroup;
			children = (
				A2D51FFB1F87DE590058BA6A /* Alertify.xcdatamodel */,
			);
			currentVersion = A2D51FFB1F87DE590058BA6A /* Alertify.xcdatamodel */;
			path = Alertify.xcdatamodeld;
			sourceTree = "<group>";
			versionGroupType = wrapper.xcdatamodel;
		};
/* End XCVersionGroup section */
	};
	rootObject = A2D51FE81F87DE590058BA6A /* Project object */;
}
